
Microsoft Visual Studio Solution File, Format Version 12.00
# Visual Studio Version 17
VisualStudioVersion = 17.0.31903.59
MinimumVisualStudioVersion = 10.0.40219.1
Project("{FAE04EC0-301F-11D3-BF4B-00C04F79EFBC}") = "api-bus-tickets", "api-bus-tickets\api-bus-tickets.csproj", "{A8322CA9-871A-4250-8F41-4931039DCFAD}"
EndProject
Global
	GlobalSection(SolutionConfigurationPlatforms) = preSolution
		Debug|Any CPU = Debug|Any CPU
		Release|Any CPU = Release|Any CPU
	EndGlobalSection
	GlobalSection(SolutionProperties) = preSolution
		HideSolutionNode = FALSE
	EndGlobalSection
	GlobalSection(ProjectConfigurationPlatforms) = postSolution
		{A8322CA9-871A-4250-8F41-4931039DCFAD}.Debug|Any CPU.ActiveCfg = Debug|Any CPU
		{A8322CA9-871A-4250-8F41-4931039DCFAD}.Debug|Any CPU.Build.0 = Debug|Any CPU
		{A8322CA9-871A-4250-8F41-4931039DCFAD}.Release|Any CPU.ActiveCfg = Release|Any CPU
		{A8322CA9-871A-4250-8F41-4931039DCFAD}.Release|Any CPU.Build.0 = Release|Any CPU
	EndGlobalSection
EndGlobal
